
Microsoft Visual Studio Solution File, Format Version 12.00
# Visual Studio Version 17
VisualStudioVersion = 17.3.32901.215
MinimumVisualStudioVersion = 10.0.40219.1
Project("{9A19103F-16F7-4668-BE54-9A1E7A4F7556}") = "MiniKindle", "MiniKindle\MiniKindle.csproj", "{67AC7F68-FC43-4C8A-939F-084B7190E629}"
EndProject
Project("{FAE04EC0-301F-11D3-BF4B-00C04F79EFBC}") = "MiniKindleTests", "MiniKindleTests\MiniKindleTests.csproj", "{DCCAF48D-9DD9-4157-B4C2-F4ACA636AC88}"
EndProject
Global
	GlobalSection(SolutionConfigurationPlatforms) = preSolution
		Debug|Any CPU = Debug|Any CPU
		Release|Any CPU = Release|Any CPU
	EndGlobalSection
	GlobalSection(ProjectConfigurationPlatforms) = postSolution
		{67AC7F68-FC43-4C8A-939F-084B7190E629}.Debug|Any CPU.ActiveCfg = Debug|Any CPU
		{67AC7F68-FC43-4C8A-939F-084B7190E629}.Debug|Any CPU.Build.0 = Debug|Any CPU
		{67AC7F68-FC43-4C8A-939F-084B7190E629}.Release|Any CPU.ActiveCfg = Release|Any CPU
		{67AC7F68-FC43-4C8A-939F-084B7190E629}.Release|Any CPU.Build.0 = Release|Any CPU
		{DCCAF48D-9DD9-4157-B4C2-F4ACA636AC88}.Debug|Any CPU.ActiveCfg = Debug|Any CPU
		{DCCAF48D-9DD9-4157-B4C2-F4ACA636AC88}.Debug|Any CPU.Build.0 = Debug|Any CPU
		{DCCAF48D-9DD9-4157-B4C2-F4ACA636AC88}.Release|Any CPU.ActiveCfg = Release|Any CPU
		{DCCAF48D-9DD9-4157-B4C2-F4ACA636AC88}.Release|Any CPU.Build.0 = Release|Any CPU
	EndGlobalSection
	GlobalSection(SolutionProperties) = preSolution
		HideSolutionNode = FALSE
	EndGlobalSection
	GlobalSection(ExtensibilityGlobals) = postSolution
		SolutionGuid = {43418CB9-B928-4B78-815D-2D30354E2901}
	EndGlobalSection
EndGlobal
